{
  "requires": true,
  "lockfileVersion": 1,
  "dependencies": {
    "debug": {
      "version": "2.6.9",
      "resolved": "https://registry.npmjs.org/debug/-/debug-2.6.9.tgz",
      "integrity": "sha512-bC7ElrdJaJnPbAP+1EotYvqZsb3ecl5wi6Bfi6BJTUcNowp6cvspg0jXznRTKDjm/E7AdgFBVeAPVMNcKGsHMA==",
      "requires": {
        "ms": "2.0.0"
      }
    },
    "echarts": {
      "version": "5.0.2",
      "resolved": "https://registry.npmjs.org/echarts/-/echarts-5.0.2.tgz",
      "integrity": "sha512-En0VYpc96nw2/2AZoBWPHsGi471zMublttj50kfFpYAeR4geup0Tj9iVgEXh7QYZFPnRiruDJEjcB5PXZ+BYzQ==",
      "requires": {
        "tslib": "2.0.3",
        "zrender": "5.0.4"
      }
    },
    "jsonp": {
      "version": "0.2.1",
      "resolved": "https://registry.npmjs.org/jsonp/-/jsonp-0.2.1.tgz",
      "integrity": "sha1-pltPoPEL2nGaBUQep7lMVfPhW64=",
      "requires": {
        "debug": "^2.1.3"
      }
    },
    "ms": {
      "version": "2.0.0",
      "resolved": "https://registry.npmjs.org/ms/-/ms-2.0.0.tgz",
      "integrity": "sha1-VgiurfwAvmwpAd9fmGF4jeDVl8g="
    },
    "tslib": {
      "version": "2.0.3",
      "resolved": "https://registry.npmjs.org/tslib/-/tslib-2.0.3.tgz",
      "integrity": "sha512-uZtkfKblCEQtZKBF6EBXVZeQNl82yqtDQdv+eck8u7tdPxjLu2/lp5/uPW+um2tpuxINHWy3GhiccY7QgEaVHQ=="
    },
    "zrender": {
      "version": "5.0.4",
      "resolved": "https://registry.npmjs.org/zrender/-/zrender-5.0.4.tgz",
      "integrity": "sha512-DJpy0yrHYY5CuH6vhb9IINWbjvBUe/56J8aH86Jb7O8rRPAYZ3M2E469Qf5B3EOIfM3o3aUrO5edRQfLJ+l1Qw==",
      "requires": {
        "tslib": "2.0.3"
      }
    }
  }
}
